
Microsoft Visual Studio Solution File, Format Version 12.00
# Visual Studio Version 17
VisualStudioVersion = 17.13.35818.85 d17.13
MinimumVisualStudioVersion = 10.0.40219.1
Project("{FAE04EC0-301F-11D3-BF4B-00C04F79EFBC}") = "MODUL10_103022300134", "MODUL10_103022300134.csproj", "{EE6FFC19-B1B4-4E14-BD28-3FA5E43D1B67}"
EndProject
Global
	GlobalSection(SolutionConfigurationPlatforms) = preSolution
		Debug|Any CPU = Debug|Any CPU
		Release|Any CPU = Release|Any CPU
	EndGlobalSection
	GlobalSection(ProjectConfigurationPlatforms) = postSolution
		{EE6FFC19-B1B4-4E14-BD28-3FA5E43D1B67}.Debug|Any CPU.ActiveCfg = Debug|Any CPU
		{EE6FFC19-B1B4-4E14-BD28-3FA5E43D1B67}.Debug|Any CPU.Build.0 = Debug|Any CPU
		{EE6FFC19-B1B4-4E14-BD28-3FA5E43D1B67}.Release|Any CPU.ActiveCfg = Release|Any CPU
		{EE6FFC19-B1B4-4E14-BD28-3FA5E43D1B67}.Release|Any CPU.Build.0 = Release|Any CPU
	EndGlobalSection
	GlobalSection(SolutionProperties) = preSolution
		HideSolutionNode = FALSE
	EndGlobalSection
	GlobalSection(ExtensibilityGlobals) = postSolution
		SolutionGuid = {97013D46-9AB1-458F-B274-6F6228B4B8EB}
	EndGlobalSection
EndGlobal
